
Microsoft Visual Studio Solution File, Format Version 12.00
# Visual Studio Version 17
VisualStudioVersion = 17.7.34024.191
MinimumVisualStudioVersion = 10.0.40219.1
Project("{FAE04EC0-301F-11D3-BF4B-00C04F79EFBC}") = "AmazonCloneAPI", "AmazonCloneAPI.csproj", "{2465E43B-47F0-4D91-9F02-D38C01C5924B}"
EndProject
Global
	GlobalSection(SolutionConfigurationPlatforms) = preSolution
		Debug|Any CPU = Debug|Any CPU
		Release|Any CPU = Release|Any CPU
	EndGlobalSection
	GlobalSection(ProjectConfigurationPlatforms) = postSolution
		{2465E43B-47F0-4D91-9F02-D38C01C5924B}.Debug|Any CPU.ActiveCfg = Debug|Any CPU
		{2465E43B-47F0-4D91-9F02-D38C01C5924B}.Debug|Any CPU.Build.0 = Debug|Any CPU
		{2465E43B-47F0-4D91-9F02-D38C01C5924B}.Release|Any CPU.ActiveCfg = Release|Any CPU
		{2465E43B-47F0-4D91-9F02-D38C01C5924B}.Release|Any CPU.Build.0 = Release|Any CPU
	EndGlobalSection
	GlobalSection(SolutionProperties) = preSolution
		HideSolutionNode = FALSE
	EndGlobalSection
	GlobalSection(ExtensibilityGlobals) = postSolution
		SolutionGuid = {3F035249-7A5F-49ED-A38C-596588306260}
	EndGlobalSection
EndGlobal
